// !$*UTF8*$!
{
	archiveVersion = 1;
	classes = {
	};
	objectVersion = 46;
	objects = {

/* Begin PBXBuildFile section */
		118D39381C9416600044CB9B /* AppDelegate.swift in Sources */ = {isa = PBXBuildFile; fileRef = 118D39371C9416600044CB9B /* AppDelegate.swift */; };
		118D393A1C9416600044CB9B /* ViewController.swift in Sources */ = {isa = PBXBuildFile; fileRef = 118D39391C9416600044CB9B /* ViewController.swift */; };
		118D393D1C9416600044CB9B /* Main.storyboard in Resources */ = {isa = PBXBuildFile; fileRef = 118D393B1C9416600044CB9B /* Main.storyboard */; };
		118D393F1C9416600044CB9B /* Assets.xcassets in Resources */ = {isa = PBXBuildFile; fileRef = 118D393E1C9416600044CB9B /* Assets.xcassets */; };
		118D39421C9416600044CB9B /* LaunchScreen.storyboard in Resources */ = {isa = PBXBuildFile; fileRef = 118D39401C9416600044CB9B /* LaunchScreen.storyboard */; };
		118D394A1C941BDC0044CB9B /* Person.swift in Sources */ = {isa = PBXBuildFile; fileRef = 118D39491C941BDC0044CB9B /* Person.swift */; };
/* End PBXBuildFile section */

/* Begin PBXFileReference section */
		118D39341C9416600044CB9B /* defaults-are-fun.app */ = {isa = PBXFileReference; explicitFileType = wrapper.application; includeInIndex = 0; path = "defaults-are-fun.app"; sourceTree = BUILT_PRODUCTS_DIR; };
		118D39371C9416600044CB9B /* AppDelegate.swift */ = {isa = PBXFileReference; lastKnownFileType = sourcecode.swift; path = AppDelegate.swift; sourceTree = "<group>"; };
		118D39391C9416600044CB9B /* ViewController.swift */ = {isa = PBXFileReference; lastKnownFileType = sourcecode.swift; path = ViewController.swift; sourceTree = "<group>"; };
		118D393C1C9416600044CB9B /* Base */ = {isa = PBXFileReference; lastKnownFileType = file.storyboard; name = Base; path = Base.lproj/Main.storyboard; sourceTree = "<group>"; };
		118D393E1C9416600044CB9B /* Assets.xcassets */ = {isa = PBXFileReference; lastKnownFileType = folder.assetcatalog; path = Assets.xcassets; sourceTree = "<group>"; };
		118D39411C9416600044CB9B /* Base */ = {isa = PBXFileReference; lastKnownFileType = file.storyboard; name = Base; path = Base.lproj/LaunchScreen.storyboard; sourceTree = "<group>"; };
		118D39431C9416600044CB9B /* Info.plist */ = {isa = PBXFileReference; lastKnownFileType = text.plist.xml; path = Info.plist; sourceTree = "<group>"; };
		118D39491C941BDC0044CB9B /* Person.swift */ = {isa = PBXFileReference; fileEncoding = 4; lastKnownFileType = sourcecode.swift; path = Person.swift; sourceTree = "<group>"; };
/* End PBXFileReference section */

/* Begin PBXFrameworksBuildPhase section */
		118D39311C9416600044CB9B /* Frameworks */ = {
			isa = PBXFrameworksBuildPhase;
			buildActionMask = 2147483647;
			files = (
			);
			runOnlyForDeploymentPostprocessing = 0;
		};
/* End PBXFrameworksBuildPhase section */

/* Begin PBXGroup section */
		118D392B1C9416600044CB9B = {
			isa = PBXGroup;
			children = (
				118D39361C9416600044CB9B /* defaults-are-fun */,
				118D39351C9416600044CB9B /* Products */,
			);
			sourceTree = "<group>";
		};
		118D39351C9416600044CB9B /* Products */ = {
			isa = PBXGroup;
			children = (
				118D39341C9416600044CB9B /* defaults-are-fun.app */,
			);
			name = Products;
			sourceTree = "<group>";
		};
		118D39361C9416600044CB9B /* defaults-are-fun */ = {
			isa = PBXGroup;
			children = (
				118D39371C9416600044CB9B /* AppDelegate.swift */,
				118D39391C9416600044CB9B /* ViewController.swift */,
				118D393B1C9416600044CB9B /* Main.storyboard */,
				118D393E1C9416600044CB9B /* Assets.xcassets */,
				118D39401C9416600044CB9B /* LaunchScreen.storyboard */,
				118D39431C9416600044CB9B /* Info.plist */,
				118D39491C941BDC0044CB9B /* Person.swift */,
			);
			path = "defaults-are-fun";
			sourceTree = "<group>";
		};
/* End PBXGroup section */

/* Begin PBXNativeTarget section */
		118D39331C9416600044CB9B /* defaults-are-fun */ = {
			isa = PBXNativeTarget;
			buildConfigurationList = 118D39461C9416600044CB9B /* Build configuration list for PBXNativeTarget "defaults-are-fun" */;
			buildPhases = (
				118D39301C9416600044CB9B /* Sources */,
				118D39311C9416600044CB9B /* Frameworks */,
				118D39321C9416600044CB9B /* Resources */,
			);
			buildRules = (
			);
			dependencies = (
			);
			name = "defaults-are-fun";
			productName = "defaults-are-fun";
			productReference = 118D39341C9416600044CB9B /* defaults-are-fun.app */;
			productType = "com.apple.product-type.application";
		};
/* End PBXNativeTarget section */

/* Begin PBXProject section */
		118D392C1C9416600044CB9B /* Project object */ = {
			isa = PBXProject;
			attributes = {
				LastSwiftUpdateCheck = 0720;
				LastUpgradeCheck = 0720;
				ORGANIZATIONNAME = "Vyacheslav Horbach";
				TargetAttributes = {
					118D39331C9416600044CB9B = {
						CreatedOnToolsVersion = 7.2;
						DevelopmentTeam = HJKK55TVH2;
					};
				};
			};
			buildConfigurationList = 118D392F1C9416600044CB9B /* Build configuration list for PBXProject "defaults-are-fun" */;
			compatibilityVersion = "Xcode 3.2";
			developmentRegion = English;
			hasScannedForEncodings = 0;
			knownRegions = (
				en,
				Base,
			);
			mainGroup = 118D392B1C9416600044CB9B;
			productRefGroup = 118D39351C9416600044CB9B /* Products */;
			projectDirPath = "";
			projectRoot = "";
			targets = (
				118D39331C9416600044CB9B /* defaults-are-fun */,
			);
		};
/* End PBXProject section */

/* Begin PBXResourcesBuildPhase section */
		118D39321C9416600044CB9B /* Resources */ = {
			isa = PBXResourcesBuildPhase;
			buildActionMask = 2147483647;
			files = (
				118D39421C9416600044CB9B /* LaunchScreen.storyboard in Resources */,
				118D393F1C9416600044CB9B /* Assets.xcassets in Resources */,
				118D393D1C9416600044CB9B /* Main.storyboard in Resources */,
			);
			runOnlyForDeploymentPostprocessing = 0;
		};
/* End PBXResourcesBuildPhase section */

/* Begin PBXSourcesBuildPhase section */
		118D39301C9416600044CB9B /* Sources */ = {
			isa = PBXSourcesBuildPhase;
			buildActionMask = 2147483647;
			files = (
				118D394A1C941BDC0044CB9B /* Person.swift in Sources */,
				118D393A1C9416600044CB9B /* ViewController.swift in Sources */,
				118D39381C9416600044CB9B /* AppDelegate.swift in Sources */,
			);
			runOnlyForDeploymentPostprocessing = 0;
		};
/* End PBXSourcesBuildPhase section */

/* Begin PBXVariantGroup section */
		118D393B1C9416600044CB9B /* Main.storyboard */ = {
			isa = PBXVariantGroup;
			children = (
				118D393C1C9416600044CB9B /* Base */,
			);
			name = Main.storyboard;
			sourceTree = "<group>";
		};
		118D39401C9416600044CB9B /* LaunchScreen.storyboard */ = {
			isa = PBXVariantGroup;
			children = (
				118D39411C9416600044CB9B /* Base */,
			);
			name = LaunchScreen.storyboard;
			sourceTree = "<group>";
		};
/* End PBXVariantGroup section */

/* Begin XCBuildConfiguration section */
		118D39441C9416600044CB9B /* Debug */ = {
			isa = XCBuildConfiguration;
			buildSettings = {
				ALWAYS_SEARCH_USER_PATHS = NO;
				CLANG_CXX_LANGUAGE_STANDARD = "gnu++0x";
				CLANG_CXX_LIBRARY = "libc++";
				CLANG_ENABLE_MODULES = YES;
				CLANG_ENABLE_OBJC_ARC = YES;
				CLANG_WARN_BOOL_CONVERSION = YES;
				CLANG_WARN_CONSTANT_CONVERSION = YES;
				CLANG_WARN_DIRECT_OBJC_ISA_USAGE = YES_ERROR;
				CLANG_WARN_EMPTY_BODY = YES;
				CLANG_WARN_ENUM_CONVERSION = YES;
				CLANG_WARN_INT_CONVERSION = YES;
				CLANG_WARN_OBJC_ROOT_CLASS = YES_ERROR;
				CLANG_WARN_UNREACHABLE_CODE = YES;
				CLANG_WARN__DUPLICATE_METHOD_MATCH = YES;
				"CODE_SIGN_IDENTITY[sdk=iphoneos*]" = "iPhone Developer";
				COPY_PHASE_STRIP = NO;
				DEBUG_INFORMATION_FORMAT = dwarf;
				ENABLE_STRICT_OBJC_MSGSEND = YES;
				ENABLE_TESTABILITY = YES;
				GCC_C_LANGUAGE_STANDARD = gnu99;
				GCC_DYNAMIC_NO_PIC = NO;
				GCC_NO_COMMON_BLOCKS = YES;
				GCC_OPTIMIZATION_LEVEL = 0;
				GCC_PREPROCESSOR_DEFINITIONS = (
					"DEBUG=1",
					"$(inherited)",
				);
				GCC_WARN_64_TO_32_BIT_CONVERSION = YES;
				GCC_WARN_ABOUT_RETURN_TYPE = YES_ERROR;
				GCC_WARN_UNDECLARED_SELECTOR = YES;
				GCC_WARN_UNINITIALIZED_AUTOS = YES_AGGRESSIVE;
				GCC_WARN_UNUSED_FUNCTION = YES;
				GCC_WARN_UNUSED_VARIABLE = YES;
				IPHONEOS_DEPLOYMENT_TARGET = 9.2;
				MTL_ENABLE_DEBUG_INFO = YES;
				ONLY_ACTIVE_ARCH = YES;
				SDKROOT = iphoneos;
				SWIFT_OPTIMIZATION_LEVEL = "-Onone";
				TARGETED_DEVICE_FAMILY = "1,2";
			};
			name = Debug;
		};
		118D39451C9416600044CB9B /* Release */ = {
			isa = XCBuildConfiguration;
			buildSettings = {
				ALWAYS_SEARCH_USER_PATHS = NO;
				CLANG_CXX_LANGUAGE_STANDARD = "gnu++0x";
				CLANG_CXX_LIBRARY = "libc++";
				CLANG_ENABLE_MODULES = YES;
				CLANG_ENABLE_OBJC_ARC = YES;
				CLANG_WARN_BOOL_CONVERSION = YES;
				CLANG_WARN_CONSTANT_CONVERSION = YES;
				CLANG_WARN_DIRECT_OBJC_ISA_USAGE = YES_ERROR;
				CLANG_WARN_EMPTY_BODY = YES;
				CLANG_WARN_ENUM_CONVERSION = YES;
				CLANG_WARN_INT_CONVERSION = YES;
				CLANG_WARN_OBJC_ROOT_CLASS = YES_ERROR;
				CLANG_WARN_UNREACHABLE_CODE = YES;
				CLANG_WARN__DUPLICATE_METHOD_MATCH = YES;
				"CODE_SIGN_IDENTITY[sdk=iphoneos*]" = "iPhone Developer";
				COPY_PHASE_STRIP = NO;
				DEBUG_INFORMATION_FORMAT = "dwarf-with-dsym";
				ENABLE_NS_ASSERTIONS = NO;
				ENABLE_STRICT_OBJC_MSGSEND = YES;
				GCC_C_LANGUAGE_STANDARD = gnu99;
				GCC_NO_COMMON_BLOCKS = YES;
				GCC_WARN_64_TO_32_BIT_CONVERSION = YES;
				GCC_WARN_ABOUT_RETURN_TYPE = YES_ERROR;
				GCC_WARN_UNDECLARED_SELECTOR = YES;
				GCC_WARN_UNINITIALIZED_AUTOS = YES_AGGRESSIVE;
				GCC_WARN_UNUSED_FUNCTION = YES;
				GCC_WARN_UNUSED_VARIABLE = YES;
				IPHONEOS_DEPLOYMENT_TARGET = 9.2;
				MTL_ENABLE_DEBUG_INFO = NO;
				SDKROOT = iphoneos;
				TARGETED_DEVICE_FAMILY = "1,2";
				VALIDATE_PRODUCT = YES;
			};
			name = Release;
		};
		118D39471C9416600044CB9B /* Debug */ = {
			isa = XCBuildConfiguration;
			buildSettings = {
				ASSETCATALOG_COMPILER_APPICON_NAME = AppIcon;
				INFOPLIST_FILE = "defaults-are-fun/Info.plist";
				LD_RUNPATH_SEARCH_PATHS = "$(inherited) @executable_path/Frameworks";
				PRODUCT_BUNDLE_IDENTIFIER = "com.VyacheslavHorbach.defaults-are-fun";
				PRODUCT_NAME = "$(TARGET_NAME)";
			};
			name = Debug;
		};
		118D39481C9416600044CB9B /* Release */ = {
			isa = XCBuildConfiguration;
			buildSettings = {
				ASSETCATALOG_COMPILER_APPICON_NAME = AppIcon;
				INFOPLIST_FILE = "defaults-are-fun/Info.plist";
				LD_RUNPATH_SEARCH_PATHS = "$(inherited) @executable_path/Frameworks";
				PRODUCT_BUNDLE_IDENTIFIER = "com.VyacheslavHorbach.defaults-are-fun";
				PRODUCT_NAME = "$(TARGET_NAME)";
			};
			name = Release;
		};
/* End XCBuildConfiguration section */

/* Begin XCConfigurationList section */
		118D392F1C9416600044CB9B /* Build configuration list for PBXProject "defaults-are-fun" */ = {
			isa = XCConfigurationList;
			buildConfigurations = (
				118D39441C9416600044CB9B /* Debug */,
				118D39451C9416600044CB9B /* Release */,
			);
			defaultConfigurationIsVisible = 0;
			defaultConfigurationName = Release;
		};
		118D39461C9416600044CB9B /* Build configuration list for PBXNativeTarget "defaults-are-fun" */ = {
			isa = XCConfigurationList;
			buildConfigurations = (
				118D39471C9416600044CB9B /* Debug */,
				118D39481C9416600044CB9B /* Release */,
			);
			defaultConfigurationIsVisible = 0;
		};
/* End XCConfigurationList section */
	};
	rootObject = 118D392C1C9416600044CB9B /* Project object */;
}
